
Microsoft Visual Studio Solution File, Format Version 11.00
# Visual Studio 2010
Project("{8BC9CEB8-8B4A-11D0-8D11-00A0C91BC942}") = "demoparticle", "demo_particle_cocos2dx_android.vcxproj", "{AE62CA4E-2A86-4B20-AAEC-B1DA6C7A28D9}"
EndProject
Global
	GlobalSection(SolutionConfigurationPlatforms) = preSolution
		Debug|Win32 = Debug|Win32
		Release|Win32 = Release|Win32
	EndGlobalSection
	GlobalSection(ProjectConfigurationPlatforms) = postSolution
		{AE62CA4E-2A86-4B20-AAEC-B1DA6C7A28D9}.Debug|Win32.ActiveCfg = Debug|Win32
		{AE62CA4E-2A86-4B20-AAEC-B1DA6C7A28D9}.Debug|Win32.Build.0 = Debug|Win32
		{AE62CA4E-2A86-4B20-AAEC-B1DA6C7A28D9}.Release|Win32.ActiveCfg = Release|Win32
		{AE62CA4E-2A86-4B20-AAEC-B1DA6C7A28D9}.Release|Win32.Build.0 = Release|Win32
	EndGlobalSection
	GlobalSection(SolutionProperties) = preSolution
		HideSolutionNode = FALSE
	EndGlobalSection
EndGlobal
